
Microsoft Visual Studio Solution File, Format Version 12.00
# Visual Studio 15
VisualStudioVersion = 15.0.27130.2010
MinimumVisualStudioVersion = 10.0.40219.1
Project("{FAE04EC0-301F-11D3-BF4B-00C04F79EFBC}") = "MyFirstAzure", "MyFirstAzure\MyFirstAzure.csproj", "{49E4BA99-EA00-41FE-B766-F25E7E131727}"
EndProject
Global
	GlobalSection(SolutionConfigurationPlatforms) = preSolution
		Debug|Any CPU = Debug|Any CPU
		Release|Any CPU = Release|Any CPU
	EndGlobalSection
	GlobalSection(ProjectConfigurationPlatforms) = postSolution
		{49E4BA99-EA00-41FE-B766-F25E7E131727}.Debug|Any CPU.ActiveCfg = Debug|Any CPU
		{49E4BA99-EA00-41FE-B766-F25E7E131727}.Debug|Any CPU.Build.0 = Debug|Any CPU
		{49E4BA99-EA00-41FE-B766-F25E7E131727}.Release|Any CPU.ActiveCfg = Release|Any CPU
		{49E4BA99-EA00-41FE-B766-F25E7E131727}.Release|Any CPU.Build.0 = Release|Any CPU
	EndGlobalSection
	GlobalSection(SolutionProperties) = preSolution
		HideSolutionNode = FALSE
	EndGlobalSection
	GlobalSection(ExtensibilityGlobals) = postSolution
		SolutionGuid = {E6362542-E088-489D-AFEB-94E9ECA76F80}
	EndGlobalSection
EndGlobal
